{
  "originHash" : "767ef1c1e0f13f5b7b2a77aeff63dd4625d0dbe8a11515042be5999203667da5",
  "pins" : [
    {
      "identity" : "moredata",
      "kind" : "remoteSourceControl",
      "location" : "https://github.com/Ambience-Healthcare/MoreData",
      "state" : {
        "branch" : "main",
        "revision" : "cac2ef81c8accd4b8e3fa0787c5c046b91aa0049"
      }
    }
  ],
  "version" : 3
}
